github.com/lakshaytalkstocomputer/HardcoreSeries v0.0.0-20200928031647-763de24529e1 h1:49LZKwzFv9mEYlH8qz9kmUgxRvQFJ7wk5HFunQx0RyE=
github.com/lakshaytalkstocomputer/HardcoreSeries/HardcoreGO/socialmedia v0.0.0-20200928031647-763de24529e1 h1:jK+SjgWJmAX6aDr6h9xcMPBZNc78WejfaiePvP9d2wY=
github.com/lakshaytalkstocomputer/HardcoreSeries/HardcoreGO/socialmedia v0.0.0-20200928031647-763de24529e1/go.mod h1:NpR3KiR+cQBUyEWT/vvnW1ESrLhumEbfzBRS0t+lJg8=
